
Microsoft Visual Studio Solution File, Format Version 12.00
# Visual Studio 2012
Project("{FAE04EC0-301F-11D3-BF4B-00C04F79EFBC}") = "Dnn.BulkUserDelete", "Dnn.BulkUserDelete\Dnn.BulkUserDelete.csproj", "{7AA31E98-42F9-478F-B6C2-E642EBB9EE6D}"
EndProject
Project("{FAE04EC0-301F-11D3-BF4B-00C04F79EFBC}") = "Dnn.BulkUserDelete.Console", "Dnn.BulkUserDelete.Console\Dnn.BulkUserDelete.Console.csproj", "{70C3DFC9-EB58-49F8-86DD-BB5ACD371CD5}"
EndProject
Project("{2150E333-8FDC-42A3-9474-1A3956D46DE8}") = "Solution Items", "Solution Items", "{63417BC7-1D66-402C-8072-0E921303CB0E}"
	ProjectSection(SolutionItems) = preProject
		deployToTestSite.bat = deployToTestSite.bat
		packageForInstall.bat = packageForInstall.bat
	EndProjectSection
EndProject
Global
	GlobalSection(SolutionConfigurationPlatforms) = preSolution
		Debug|Any CPU = Debug|Any CPU
		Release|Any CPU = Release|Any CPU
	EndGlobalSection
	GlobalSection(ProjectConfigurationPlatforms) = postSolution
		{7AA31E98-42F9-478F-B6C2-E642EBB9EE6D}.Debug|Any CPU.ActiveCfg = Debug|Any CPU
		{7AA31E98-42F9-478F-B6C2-E642EBB9EE6D}.Debug|Any CPU.Build.0 = Debug|Any CPU
		{7AA31E98-42F9-478F-B6C2-E642EBB9EE6D}.Release|Any CPU.ActiveCfg = Release|Any CPU
		{7AA31E98-42F9-478F-B6C2-E642EBB9EE6D}.Release|Any CPU.Build.0 = Release|Any CPU
		{70C3DFC9-EB58-49F8-86DD-BB5ACD371CD5}.Debug|Any CPU.ActiveCfg = Debug|Any CPU
		{70C3DFC9-EB58-49F8-86DD-BB5ACD371CD5}.Debug|Any CPU.Build.0 = Debug|Any CPU
		{70C3DFC9-EB58-49F8-86DD-BB5ACD371CD5}.Release|Any CPU.ActiveCfg = Release|Any CPU
		{70C3DFC9-EB58-49F8-86DD-BB5ACD371CD5}.Release|Any CPU.Build.0 = Release|Any CPU
	EndGlobalSection
	GlobalSection(SolutionProperties) = preSolution
		HideSolutionNode = FALSE
	EndGlobalSection
EndGlobal
